
Microsoft Visual Studio Solution File, Format Version 12.00
# Visual Studio 15
VisualStudioVersion = 15.0.27428.2015
MinimumVisualStudioVersion = 10.0.40219.1
Project("{8BC9CEB8-8B4A-11D0-8D11-00A0C91BC942}") = "Ex_01", "Ex_01\Ex_01.vcxproj", "{90E512C3-279E-4723-81C9-6C2FFD28C96F}"
EndProject
Project("{8BC9CEB8-8B4A-11D0-8D11-00A0C91BC942}") = "UnitTest_Ex01-02", "UnitTest_Ex01-02\UnitTest_Ex01-02.vcxproj", "{C7A7AC60-0385-4C7E-91F9-F416AAEDDF69}"
EndProject
Global
	GlobalSection(SolutionConfigurationPlatforms) = preSolution
		Debug|x64 = Debug|x64
		Debug|x86 = Debug|x86
		Release|x64 = Release|x64
		Release|x86 = Release|x86
	EndGlobalSection
	GlobalSection(ProjectConfigurationPlatforms) = postSolution
		{90E512C3-279E-4723-81C9-6C2FFD28C96F}.Debug|x64.ActiveCfg = Debug|x64
		{90E512C3-279E-4723-81C9-6C2FFD28C96F}.Debug|x64.Build.0 = Debug|x64
		{90E512C3-279E-4723-81C9-6C2FFD28C96F}.Debug|x86.ActiveCfg = Debug|Win32
		{90E512C3-279E-4723-81C9-6C2FFD28C96F}.Debug|x86.Build.0 = Debug|Win32
		{90E512C3-279E-4723-81C9-6C2FFD28C96F}.Release|x64.ActiveCfg = Release|x64
		{90E512C3-279E-4723-81C9-6C2FFD28C96F}.Release|x64.Build.0 = Release|x64
		{90E512C3-279E-4723-81C9-6C2FFD28C96F}.Release|x86.ActiveCfg = Release|Win32
		{90E512C3-279E-4723-81C9-6C2FFD28C96F}.Release|x86.Build.0 = Release|Win32
		{C7A7AC60-0385-4C7E-91F9-F416AAEDDF69}.Debug|x64.ActiveCfg = Debug|x64
		{C7A7AC60-0385-4C7E-91F9-F416AAEDDF69}.Debug|x64.Build.0 = Debug|x64
		{C7A7AC60-0385-4C7E-91F9-F416AAEDDF69}.Debug|x86.ActiveCfg = Debug|Win32
		{C7A7AC60-0385-4C7E-91F9-F416AAEDDF69}.Debug|x86.Build.0 = Debug|Win32
		{C7A7AC60-0385-4C7E-91F9-F416AAEDDF69}.Release|x64.ActiveCfg = Release|x64
		{C7A7AC60-0385-4C7E-91F9-F416AAEDDF69}.Release|x64.Build.0 = Release|x64
		{C7A7AC60-0385-4C7E-91F9-F416AAEDDF69}.Release|x86.ActiveCfg = Release|Win32
		{C7A7AC60-0385-4C7E-91F9-F416AAEDDF69}.Release|x86.Build.0 = Release|Win32
	EndGlobalSection
	GlobalSection(SolutionProperties) = preSolution
		HideSolutionNode = FALSE
	EndGlobalSection
	GlobalSection(ExtensibilityGlobals) = postSolution
		SolutionGuid = {DA9BA132-17AA-4CD7-A44F-A42BB0E189B4}
	EndGlobalSection
EndGlobal
